// !$*UTF8*$!
{
	archiveVersion = 1;
	classes = {
	};
	objectVersion = 56;
	objects = {

/* Begin PBXBuildFile section */
		104722BA2AD1897900E681C2 /* SubjectView.swift in Sources */ = {isa = PBXBuildFile; fileRef = 104722B92AD1897900E681C2 /* SubjectView.swift */; };
		10C71CA22AD2ACFF009DD91D /* LessonView.swift in Sources */ = {isa = PBXBuildFile; fileRef = 10C71CA12AD2ACFF009DD91D /* LessonView.swift */; };
		10C71CA42AD2AEAF009DD91D /* ImagesView.swift in Sources */ = {isa = PBXBuildFile; fileRef = 10C71CA32AD2AEAF009DD91D /* ImagesView.swift */; };
		10C71CA62AD2AEBC009DD91D /* TranslatorView.swift in Sources */ = {isa = PBXBuildFile; fileRef = 10C71CA52AD2AEBC009DD91D /* TranslatorView.swift */; };
		10C71CA82AD2AF93009DD91D /* NoteView.swift in Sources */ = {isa = PBXBuildFile; fileRef = 10C71CA72AD2AF93009DD91D /* NoteView.swift */; };
		10C9CB9E2AD0816A00895DBE /* AccountView.swift in Sources */ = {isa = PBXBuildFile; fileRef = 10C9CB9D2AD0816A00895DBE /* AccountView.swift */; };
		10E89FD22AD078E6008417D8 /* PracticeNoteApp.swift in Sources */ = {isa = PBXBuildFile; fileRef = 10E89FD12AD078E6008417D8 /* PracticeNoteApp.swift */; };
		10E89FD42AD078E6008417D8 /* ContentView.swift in Sources */ = {isa = PBXBuildFile; fileRef = 10E89FD32AD078E6008417D8 /* ContentView.swift */; };
		10E89FD62AD078E7008417D8 /* Assets.xcassets in Resources */ = {isa = PBXBuildFile; fileRef = 10E89FD52AD078E7008417D8 /* Assets.xcassets */; };
		10E89FD92AD078E7008417D8 /* Preview Assets.xcassets in Resources */ = {isa = PBXBuildFile; fileRef = 10E89FD82AD078E7008417D8 /* Preview Assets.xcassets */; };
		10E89FE42AD07D23008417D8 /* HomeView.swift in Sources */ = {isa = PBXBuildFile; fileRef = 10E89FE32AD07D23008417D8 /* HomeView.swift */; };
		DD1477A12AE3DCD20074F64F /* CameraView.swift in Sources */ = {isa = PBXBuildFile; fileRef = DD1477A02AE3DCD20074F64F /* CameraView.swift */; };
		DD5531EF2AD1A07B004C1495 /* LessonFormView.swift in Sources */ = {isa = PBXBuildFile; fileRef = DD5531EE2AD1A07B004C1495 /* LessonFormView.swift */; };
		DD7123632ADC4A5D00156F00 /* TextToSpeech.swift in Sources */ = {isa = PBXBuildFile; fileRef = DD7123622ADC4A5D00156F00 /* TextToSpeech.swift */; };
		DD8E36A82AD170CA005EA93B /* SubjectFormView.swift in Sources */ = {isa = PBXBuildFile; fileRef = DD8E36A72AD170CA005EA93B /* SubjectFormView.swift */; };
		DD8E36AA2AD180C0005EA93B /* SubjectDataModel.swift in Sources */ = {isa = PBXBuildFile; fileRef = DD8E36A92AD180C0005EA93B /* SubjectDataModel.swift */; };
		DDC4C9DB2AE4FACC00A80210 /* PhotoView.swift in Sources */ = {isa = PBXBuildFile; fileRef = DDC4C9DA2AE4FACC00A80210 /* PhotoView.swift */; };
		DDED54902AD902C100073615 /* CardView.swift in Sources */ = {isa = PBXBuildFile; fileRef = DDED548F2AD902C100073615 /* CardView.swift */; };
		DDED54922AD904CB00073615 /* CardsView.swift in Sources */ = {isa = PBXBuildFile; fileRef = DDED54912AD904CB00073615 /* CardsView.swift */; };
		DDFAE6C22AD8564F00B5DC84 /* Translator.swift in Sources */ = {isa = PBXBuildFile; fileRef = DDFAE6C12AD8564F00B5DC84 /* Translator.swift */; };
/* End PBXBuildFile section */

/* Begin PBXFileReference section */
		104722B92AD1897900E681C2 /* SubjectView.swift */ = {isa = PBXFileReference; lastKnownFileType = sourcecode.swift; path = SubjectView.swift; sourceTree = "<group>"; };
		10C71CA12AD2ACFF009DD91D /* LessonView.swift */ = {isa = PBXFileReference; lastKnownFileType = sourcecode.swift; path = LessonView.swift; sourceTree = "<group>"; };
		10C71CA32AD2AEAF009DD91D /* ImagesView.swift */ = {isa = PBXFileReference; lastKnownFileType = sourcecode.swift; path = ImagesView.swift; sourceTree = "<group>"; };
		10C71CA52AD2AEBC009DD91D /* TranslatorView.swift */ = {isa = PBXFileReference; lastKnownFileType = sourcecode.swift; path = TranslatorView.swift; sourceTree = "<group>"; };
		10C71CA72AD2AF93009DD91D /* NoteView.swift */ = {isa = PBXFileReference; lastKnownFileType = sourcecode.swift; path = NoteView.swift; sourceTree = "<group>"; };
		10C9CB9D2AD0816A00895DBE /* AccountView.swift */ = {isa = PBXFileReference; lastKnownFileType = sourcecode.swift; path = AccountView.swift; sourceTree = "<group>"; };
		10E89FCE2AD078E6008417D8 /* PracticeNote.app */ = {isa = PBXFileReference; explicitFileType = wrapper.application; includeInIndex = 0; path = PracticeNote.app; sourceTree = BUILT_PRODUCTS_DIR; };
		10E89FD12AD078E6008417D8 /* PracticeNoteApp.swift */ = {isa = PBXFileReference; lastKnownFileType = sourcecode.swift; path = PracticeNoteApp.swift; sourceTree = "<group>"; };
		10E89FD32AD078E6008417D8 /* ContentView.swift */ = {isa = PBXFileReference; lastKnownFileType = sourcecode.swift; path = ContentView.swift; sourceTree = "<group>"; };
		10E89FD52AD078E7008417D8 /* Assets.xcassets */ = {isa = PBXFileReference; lastKnownFileType = folder.assetcatalog; path = Assets.xcassets; sourceTree = "<group>"; };
		10E89FD82AD078E7008417D8 /* Preview Assets.xcassets */ = {isa = PBXFileReference; lastKnownFileType = folder.assetcatalog; path = "Preview Assets.xcassets"; sourceTree = "<group>"; };
		10E89FE32AD07D23008417D8 /* HomeView.swift */ = {isa = PBXFileReference; lastKnownFileType = sourcecode.swift; path = HomeView.swift; sourceTree = "<group>"; };
		DD1477A02AE3DCD20074F64F /* CameraView.swift */ = {isa = PBXFileReference; lastKnownFileType = sourcecode.swift; path = CameraView.swift; sourceTree = "<group>"; };
		DD5531EE2AD1A07B004C1495 /* LessonFormView.swift */ = {isa = PBXFileReference; lastKnownFileType = sourcecode.swift; path = LessonFormView.swift; sourceTree = "<group>"; };
		DD7123622ADC4A5D00156F00 /* TextToSpeech.swift */ = {isa = PBXFileReference; lastKnownFileType = sourcecode.swift; path = TextToSpeech.swift; sourceTree = "<group>"; };
		DD8E36A72AD170CA005EA93B /* SubjectFormView.swift */ = {isa = PBXFileReference; lastKnownFileType = sourcecode.swift; path = SubjectFormView.swift; sourceTree = "<group>"; };
		DD8E36A92AD180C0005EA93B /* SubjectDataModel.swift */ = {isa = PBXFileReference; lastKnownFileType = sourcecode.swift; path = SubjectDataModel.swift; sourceTree = "<group>"; };
		DDC4C9DA2AE4FACC00A80210 /* PhotoView.swift */ = {isa = PBXFileReference; lastKnownFileType = sourcecode.swift; path = PhotoView.swift; sourceTree = "<group>"; };
		DDED548F2AD902C100073615 /* CardView.swift */ = {isa = PBXFileReference; lastKnownFileType = sourcecode.swift; path = CardView.swift; sourceTree = "<group>"; };
		DDED54912AD904CB00073615 /* CardsView.swift */ = {isa = PBXFileReference; lastKnownFileType = sourcecode.swift; path = CardsView.swift; sourceTree = "<group>"; };
		DDFAE6C12AD8564F00B5DC84 /* Translator.swift */ = {isa = PBXFileReference; lastKnownFileType = sourcecode.swift; path = Translator.swift; sourceTree = "<group>"; };
/* End PBXFileReference section */

/* Begin PBXFrameworksBuildPhase section */
		10E89FCB2AD078E5008417D8 /* Frameworks */ = {
			isa = PBXFrameworksBuildPhase;
			buildActionMask = 2147483647;
			files = (
			);
			runOnlyForDeploymentPostprocessing = 0;
		};
/* End PBXFrameworksBuildPhase section */

/* Begin PBXGroup section */
		106925692AE2F02500499D22 /* FormsView */ = {
			isa = PBXGroup;
			children = (
				DD8E36A72AD170CA005EA93B /* SubjectFormView.swift */,
				DD5531EE2AD1A07B004C1495 /* LessonFormView.swift */,
			);
			path = FormsView;
			sourceTree = "<group>";
		};
		1069256A2AE2F02F00499D22 /* SubjectsView */ = {
			isa = PBXGroup;
			children = (
				104722B92AD1897900E681C2 /* SubjectView.swift */,
			);
			path = SubjectsView;
			sourceTree = "<group>";
		};
		1069256B2AE2F03900499D22 /* LessonView */ = {
			isa = PBXGroup;
			children = (
				10C71CA12AD2ACFF009DD91D /* LessonView.swift */,
			);
			path = LessonView;
			sourceTree = "<group>";
		};
		1069256C2AE2F04C00499D22 /* DataModel */ = {
			isa = PBXGroup;
			children = (
				DD8E36A92AD180C0005EA93B /* SubjectDataModel.swift */,
			);
			path = DataModel;
			sourceTree = "<group>";
		};
		1069256D2AE2F05900499D22 /* CardView */ = {
			isa = PBXGroup;
			children = (
				DDED548F2AD902C100073615 /* CardView.swift */,
				DDED54912AD904CB00073615 /* CardsView.swift */,
			);
			path = CardView;
			sourceTree = "<group>";
		};
		1069256E2AE2F06500499D22 /* ImageView */ = {
			isa = PBXGroup;
			children = (
				DD1477A02AE3DCD20074F64F /* CameraView.swift */,
				10C71CA32AD2AEAF009DD91D /* ImagesView.swift */,
				DDC4C9DA2AE4FACC00A80210 /* PhotoView.swift */,
			);
			path = ImageView;
			sourceTree = "<group>";
		};
		10E89FC52AD078E5008417D8 = {
			isa = PBXGroup;
			children = (
				10E89FD02AD078E6008417D8 /* PracticeNote */,
				10E89FCF2AD078E6008417D8 /* Products */,
			);
			sourceTree = "<group>";
		};
		10E89FCF2AD078E6008417D8 /* Products */ = {
			isa = PBXGroup;
			children = (
				10E89FCE2AD078E6008417D8 /* PracticeNote.app */,
			);
			name = Products;
			sourceTree = "<group>";
		};
		10E89FD02AD078E6008417D8 /* PracticeNote */ = {
			isa = PBXGroup;
			children = (
				10E89FD12AD078E6008417D8 /* PracticeNoteApp.swift */,
				1069256C2AE2F04C00499D22 /* DataModel */,
				10E89FD32AD078E6008417D8 /* ContentView.swift */,
				10E89FE32AD07D23008417D8 /* HomeView.swift */,
				10C9CB9D2AD0816A00895DBE /* AccountView.swift */,
				1069256A2AE2F02F00499D22 /* SubjectsView */,
				1069256B2AE2F03900499D22 /* LessonView */,
				106925692AE2F02500499D22 /* FormsView */,
				1069256E2AE2F06500499D22 /* ImageView */,
				1069256D2AE2F05900499D22 /* CardView */,
				DD14779F2AE3DC350074F64F /* Translator */,
				DD7123622ADC4A5D00156F00 /* TextToSpeech.swift */,
				10C71CA72AD2AF93009DD91D /* NoteView.swift */,
				10E89FD52AD078E7008417D8 /* Assets.xcassets */,
				10E89FD72AD078E7008417D8 /* Preview Content */,
			);
			path = PracticeNote;
			sourceTree = "<group>";
		};
		10E89FD72AD078E7008417D8 /* Preview Content */ = {
			isa = PBXGroup;
			children = (
				10E89FD82AD078E7008417D8 /* Preview Assets.xcassets */,
			);
			path = "Preview Content";
			sourceTree = "<group>";
		};
		DD14779F2AE3DC350074F64F /* Translator */ = {
			isa = PBXGroup;
			children = (
				10C71CA52AD2AEBC009DD91D /* TranslatorView.swift */,
				DDFAE6C12AD8564F00B5DC84 /* Translator.swift */,
			);
			path = Translator;
			sourceTree = "<group>";
		};
/* End PBXGroup section */

/* Begin PBXNativeTarget section */
		10E89FCD2AD078E5008417D8 /* PracticeNote */ = {
			isa = PBXNativeTarget;
			buildConfigurationList = 10E89FDC2AD078E7008417D8 /* Build configuration list for PBXNativeTarget "PracticeNote" */;
			buildPhases = (
				10E89FCA2AD078E5008417D8 /* Sources */,
				10E89FCB2AD078E5008417D8 /* Frameworks */,
				10E89FCC2AD078E5008417D8 /* Resources */,
			);
			buildRules = (
			);
			dependencies = (
			);
			name = PracticeNote;
			productName = PracticeNote;
			productReference = 10E89FCE2AD078E6008417D8 /* PracticeNote.app */;
			productType = "com.apple.product-type.application";
		};
/* End PBXNativeTarget section */

/* Begin PBXProject section */
		10E89FC62AD078E5008417D8 /* Project object */ = {
			isa = PBXProject;
			attributes = {
				BuildIndependentTargetsInParallel = 1;
				LastSwiftUpdateCheck = 1500;
				LastUpgradeCheck = 1500;
				TargetAttributes = {
					10E89FCD2AD078E5008417D8 = {
						CreatedOnToolsVersion = 15.0;
					};
				};
			};
			buildConfigurationList = 10E89FC92AD078E5008417D8 /* Build configuration list for PBXProject "PracticeNote" */;
			compatibilityVersion = "Xcode 14.0";
			developmentRegion = en;
			hasScannedForEncodings = 0;
			knownRegions = (
				en,
				Base,
			);
			mainGroup = 10E89FC52AD078E5008417D8;
			productRefGroup = 10E89FCF2AD078E6008417D8 /* Products */;
			projectDirPath = "";
			projectRoot = "";
			targets = (
				10E89FCD2AD078E5008417D8 /* PracticeNote */,
			);
		};
/* End PBXProject section */

/* Begin PBXResourcesBuildPhase section */
		10E89FCC2AD078E5008417D8 /* Resources */ = {
			isa = PBXResourcesBuildPhase;
			buildActionMask = 2147483647;
			files = (
				10E89FD92AD078E7008417D8 /* Preview Assets.xcassets in Resources */,
				10E89FD62AD078E7008417D8 /* Assets.xcassets in Resources */,
			);
			runOnlyForDeploymentPostprocessing = 0;
		};
/* End PBXResourcesBuildPhase section */

/* Begin PBXSourcesBuildPhase section */
		10E89FCA2AD078E5008417D8 /* Sources */ = {
			isa = PBXSourcesBuildPhase;
			buildActionMask = 2147483647;
			files = (
				104722BA2AD1897900E681C2 /* SubjectView.swift in Sources */,
				DD7123632ADC4A5D00156F00 /* TextToSpeech.swift in Sources */,
				10C71CA42AD2AEAF009DD91D /* ImagesView.swift in Sources */,
				DDC4C9DB2AE4FACC00A80210 /* PhotoView.swift in Sources */,
				10C9CB9E2AD0816A00895DBE /* AccountView.swift in Sources */,
				DDFAE6C22AD8564F00B5DC84 /* Translator.swift in Sources */,
				DDED54902AD902C100073615 /* CardView.swift in Sources */,
				10E89FD42AD078E6008417D8 /* ContentView.swift in Sources */,
				DD5531EF2AD1A07B004C1495 /* LessonFormView.swift in Sources */,
				10E89FE42AD07D23008417D8 /* HomeView.swift in Sources */,
				10E89FD22AD078E6008417D8 /* PracticeNoteApp.swift in Sources */,
				DDED54922AD904CB00073615 /* CardsView.swift in Sources */,
				10C71CA62AD2AEBC009DD91D /* TranslatorView.swift in Sources */,
				DD1477A12AE3DCD20074F64F /* CameraView.swift in Sources */,
				10C71CA82AD2AF93009DD91D /* NoteView.swift in Sources */,
				DD8E36A82AD170CA005EA93B /* SubjectFormView.swift in Sources */,
				10C71CA22AD2ACFF009DD91D /* LessonView.swift in Sources */,
				DD8E36AA2AD180C0005EA93B /* SubjectDataModel.swift in Sources */,
			);
			runOnlyForDeploymentPostprocessing = 0;
		};
/* End PBXSourcesBuildPhase section */

/* Begin XCBuildConfiguration section */
		10E89FDA2AD078E7008417D8 /* Debug */ = {
			isa = XCBuildConfiguration;
			buildSettings = {
				ALWAYS_SEARCH_USER_PATHS = NO;
				ASSETCATALOG_COMPILER_GENERATE_SWIFT_ASSET_SYMBOL_EXTENSIONS = YES;
				CLANG_ANALYZER_NONNULL = YES;
				CLANG_ANALYZER_NUMBER_OBJECT_CONVERSION = YES_AGGRESSIVE;
				CLANG_CXX_LANGUAGE_STANDARD = "gnu++20";
				CLANG_ENABLE_MODULES = YES;
				CLANG_ENABLE_OBJC_ARC = YES;
				CLANG_ENABLE_OBJC_WEAK = YES;
				CLANG_WARN_BLOCK_CAPTURE_AUTORELEASING = YES;
				CLANG_WARN_BOOL_CONVERSION = YES;
				CLANG_WARN_COMMA = YES;
				CLANG_WARN_CONSTANT_CONVERSION = YES;
				CLANG_WARN_DEPRECATED_OBJC_IMPLEMENTATIONS = YES;
				CLANG_WARN_DIRECT_OBJC_ISA_USAGE = YES_ERROR;
				CLANG_WARN_DOCUMENTATION_COMMENTS = YES;
				CLANG_WARN_EMPTY_BODY = YES;
				CLANG_WARN_ENUM_CONVERSION = YES;
				CLANG_WARN_INFINITE_RECURSION = YES;
				CLANG_WARN_INT_CONVERSION = YES;
				CLANG_WARN_NON_LITERAL_NULL_CONVERSION = YES;
				CLANG_WARN_OBJC_IMPLICIT_RETAIN_SELF = YES;
				CLANG_WARN_OBJC_LITERAL_CONVERSION = YES;
				CLANG_WARN_OBJC_ROOT_CLASS = YES_ERROR;
				CLANG_WARN_QUOTED_INCLUDE_IN_FRAMEWORK_HEADER = YES;
				CLANG_WARN_RANGE_LOOP_ANALYSIS = YES;
				CLANG_WARN_STRICT_PROTOTYPES = YES;
				CLANG_WARN_SUSPICIOUS_MOVE = YES;
				CLANG_WARN_UNGUARDED_AVAILABILITY = YES_AGGRESSIVE;
				CLANG_WARN_UNREACHABLE_CODE = YES;
				CLANG_WARN__DUPLICATE_METHOD_MATCH = YES;
				COPY_PHASE_STRIP = NO;
				DEBUG_INFORMATION_FORMAT = dwarf;
				ENABLE_STRICT_OBJC_MSGSEND = YES;
				ENABLE_TESTABILITY = YES;
				ENABLE_USER_SCRIPT_SANDBOXING = YES;
				GCC_C_LANGUAGE_STANDARD = gnu17;
				GCC_DYNAMIC_NO_PIC = NO;
				GCC_NO_COMMON_BLOCKS = YES;
				GCC_OPTIMIZATION_LEVEL = 0;
				GCC_PREPROCESSOR_DEFINITIONS = (
					"DEBUG=1",
					"$(inherited)",
				);
				GCC_WARN_64_TO_32_BIT_CONVERSION = YES;
				GCC_WARN_ABOUT_RETURN_TYPE = YES_ERROR;
				GCC_WARN_UNDECLARED_SELECTOR = YES;
				GCC_WARN_UNINITIALIZED_AUTOS = YES_AGGRESSIVE;
				GCC_WARN_UNUSED_FUNCTION = YES;
				GCC_WARN_UNUSED_VARIABLE = YES;
				IPHONEOS_DEPLOYMENT_TARGET = 17.0;
				LOCALIZATION_PREFERS_STRING_CATALOGS = YES;
				MTL_ENABLE_DEBUG_INFO = INCLUDE_SOURCE;
				MTL_FAST_MATH = YES;
				ONLY_ACTIVE_ARCH = YES;
				SDKROOT = iphoneos;
				SWIFT_ACTIVE_COMPILATION_CONDITIONS = "DEBUG $(inherited)";
				SWIFT_OPTIMIZATION_LEVEL = "-Onone";
			};
			name = Debug;
		};
		10E89FDB2AD078E7008417D8 /* Release */ = {
			isa = XCBuildConfiguration;
			buildSettings = {
				ALWAYS_SEARCH_USER_PATHS = NO;
				ASSETCATALOG_COMPILER_GENERATE_SWIFT_ASSET_SYMBOL_EXTENSIONS = YES;
				CLANG_ANALYZER_NONNULL = YES;
				CLANG_ANALYZER_NUMBER_OBJECT_CONVERSION = YES_AGGRESSIVE;
				CLANG_CXX_LANGUAGE_STANDARD = "gnu++20";
				CLANG_ENABLE_MODULES = YES;
				CLANG_ENABLE_OBJC_ARC = YES;
				CLANG_ENABLE_OBJC_WEAK = YES;
				CLANG_WARN_BLOCK_CAPTURE_AUTORELEASING = YES;
				CLANG_WARN_BOOL_CONVERSION = YES;
				CLANG_WARN_COMMA = YES;
				CLANG_WARN_CONSTANT_CONVERSION = YES;
				CLANG_WARN_DEPRECATED_OBJC_IMPLEMENTATIONS = YES;
				CLANG_WARN_DIRECT_OBJC_ISA_USAGE = YES_ERROR;
				CLANG_WARN_DOCUMENTATION_COMMENTS = YES;
				CLANG_WARN_EMPTY_BODY = YES;
				CLANG_WARN_ENUM_CONVERSION = YES;
				CLANG_WARN_INFINITE_RECURSION = YES;
				CLANG_WARN_INT_CONVERSION = YES;
				CLANG_WARN_NON_LITERAL_NULL_CONVERSION = YES;
				CLANG_WARN_OBJC_IMPLICIT_RETAIN_SELF = YES;
				CLANG_WARN_OBJC_LITERAL_CONVERSION = YES;
				CLANG_WARN_OBJC_ROOT_CLASS = YES_ERROR;
				CLANG_WARN_QUOTED_INCLUDE_IN_FRAMEWORK_HEADER = YES;
				CLANG_WARN_RANGE_LOOP_ANALYSIS = YES;
				CLANG_WARN_STRICT_PROTOTYPES = YES;
				CLANG_WARN_SUSPICIOUS_MOVE = YES;
				CLANG_WARN_UNGUARDED_AVAILABILITY = YES_AGGRESSIVE;
				CLANG_WARN_UNREACHABLE_CODE = YES;
				CLANG_WARN__DUPLICATE_METHOD_MATCH = YES;
				COPY_PHASE_STRIP = NO;
				DEBUG_INFORMATION_FORMAT = "dwarf-with-dsym";
				ENABLE_NS_ASSERTIONS = NO;
				ENABLE_STRICT_OBJC_MSGSEND = YES;
				ENABLE_USER_SCRIPT_SANDBOXING = YES;
				GCC_C_LANGUAGE_STANDARD = gnu17;
				GCC_NO_COMMON_BLOCKS = YES;
				GCC_WARN_64_TO_32_BIT_CONVERSION = YES;
				GCC_WARN_ABOUT_RETURN_TYPE = YES_ERROR;
				GCC_WARN_UNDECLARED_SELECTOR = YES;
				GCC_WARN_UNINITIALIZED_AUTOS = YES_AGGRESSIVE;
				GCC_WARN_UNUSED_FUNCTION = YES;
				GCC_WARN_UNUSED_VARIABLE = YES;
				IPHONEOS_DEPLOYMENT_TARGET = 17.0;
				LOCALIZATION_PREFERS_STRING_CATALOGS = YES;
				MTL_ENABLE_DEBUG_INFO = NO;
				MTL_FAST_MATH = YES;
				SDKROOT = iphoneos;
				SWIFT_COMPILATION_MODE = wholemodule;
				VALIDATE_PRODUCT = YES;
			};
			name = Release;
		};
		10E89FDD2AD078E7008417D8 /* Debug */ = {
			isa = XCBuildConfiguration;
			buildSettings = {
				ASSETCATALOG_COMPILER_APPICON_NAME = AppIcon;
				ASSETCATALOG_COMPILER_GLOBAL_ACCENT_COLOR_NAME = AccentColor;
				CODE_SIGN_STYLE = Automatic;
				CURRENT_PROJECT_VERSION = 1;
				DEVELOPMENT_ASSET_PATHS = "\"PracticeNote/Preview Content\"";
				DEVELOPMENT_TEAM = 4RUKJ5BRNZ;
				ENABLE_PREVIEWS = YES;
				GENERATE_INFOPLIST_FILE = YES;
				INFOPLIST_KEY_NSCameraUsageDescription = "We need your camera";
				INFOPLIST_KEY_UIApplicationSceneManifest_Generation = YES;
				INFOPLIST_KEY_UIApplicationSupportsIndirectInputEvents = YES;
				INFOPLIST_KEY_UILaunchScreen_Generation = YES;
				INFOPLIST_KEY_UISupportedInterfaceOrientations_iPad = "UIInterfaceOrientationPortrait UIInterfaceOrientationPortraitUpsideDown UIInterfaceOrientationLandscapeLeft UIInterfaceOrientationLandscapeRight";
				INFOPLIST_KEY_UISupportedInterfaceOrientations_iPhone = "UIInterfaceOrientationPortrait UIInterfaceOrientationLandscapeLeft UIInterfaceOrientationLandscapeRight";
				LD_RUNPATH_SEARCH_PATHS = (
					"$(inherited)",
					"@executable_path/Frameworks",
				);
				MARKETING_VERSION = 1.0;
				PRODUCT_BUNDLE_IDENTIFIER = Davron.PracticeNote;
				PRODUCT_NAME = "$(TARGET_NAME)";
				SWIFT_EMIT_LOC_STRINGS = YES;
				SWIFT_VERSION = 5.0;
				TARGETED_DEVICE_FAMILY = "1,2";
			};
			name = Debug;
		};
		10E89FDE2AD078E7008417D8 /* Release */ = {
			isa = XCBuildConfiguration;
			buildSettings = {
				ASSETCATALOG_COMPILER_APPICON_NAME = AppIcon;
				ASSETCATALOG_COMPILER_GLOBAL_ACCENT_COLOR_NAME = AccentColor;
				CODE_SIGN_STYLE = Automatic;
				CURRENT_PROJECT_VERSION = 1;
				DEVELOPMENT_ASSET_PATHS = "\"PracticeNote/Preview Content\"";
				DEVELOPMENT_TEAM = 4RUKJ5BRNZ;
				ENABLE_PREVIEWS = YES;
				GENERATE_INFOPLIST_FILE = YES;
				INFOPLIST_KEY_NSCameraUsageDescription = "We need your camera";
				INFOPLIST_KEY_UIApplicationSceneManifest_Generation = YES;
				INFOPLIST_KEY_UIApplicationSupportsIndirectInputEvents = YES;
				INFOPLIST_KEY_UILaunchScreen_Generation = YES;
				INFOPLIST_KEY_UISupportedInterfaceOrientations_iPad = "UIInterfaceOrientationPortrait UIInterfaceOrientationPortraitUpsideDown UIInterfaceOrientationLandscapeLeft UIInterfaceOrientationLandscapeRight";
				INFOPLIST_KEY_UISupportedInterfaceOrientations_iPhone = "UIInterfaceOrientationPortrait UIInterfaceOrientationLandscapeLeft UIInterfaceOrientationLandscapeRight";
				LD_RUNPATH_SEARCH_PATHS = (
					"$(inherited)",
					"@executable_path/Frameworks",
				);
				MARKETING_VERSION = 1.0;
				PRODUCT_BUNDLE_IDENTIFIER = Davron.PracticeNote;
				PRODUCT_NAME = "$(TARGET_NAME)";
				SWIFT_EMIT_LOC_STRINGS = YES;
				SWIFT_VERSION = 5.0;
				TARGETED_DEVICE_FAMILY = "1,2";
			};
			name = Release;
		};
/* End XCBuildConfiguration section */

/* Begin XCConfigurationList section */
		10E89FC92AD078E5008417D8 /* Build configuration list for PBXProject "PracticeNote" */ = {
			isa = XCConfigurationList;
			buildConfigurations = (
				10E89FDA2AD078E7008417D8 /* Debug */,
				10E89FDB2AD078E7008417D8 /* Release */,
			);
			defaultConfigurationIsVisible = 0;
			defaultConfigurationName = Release;
		};
		10E89FDC2AD078E7008417D8 /* Build configuration list for PBXNativeTarget "PracticeNote" */ = {
			isa = XCConfigurationList;
			buildConfigurations = (
				10E89FDD2AD078E7008417D8 /* Debug */,
				10E89FDE2AD078E7008417D8 /* Release */,
			);
			defaultConfigurationIsVisible = 0;
			defaultConfigurationName = Release;
		};
/* End XCConfigurationList section */
	};
	rootObject = 10E89FC62AD078E5008417D8 /* Project object */;
}
